
Microsoft Visual Studio Solution File, Format Version 12.00
# Visual Studio 15
VisualStudioVersion = 15.0.28307.271
MinimumVisualStudioVersion = 10.0.40219.1
Project("{9A19103F-16F7-4668-BE54-9A1E7A4F7556}") = "RfpProxy", "RfpProxy\RfpProxy.csproj", "{F2CD5A70-C2A2-4267-8DB3-3DC614187745}"
EndProject
Project("{9A19103F-16F7-4668-BE54-9A1E7A4F7556}") = "RfpProxy.Test", "RfpProxy.Test\RfpProxy.Test.csproj", "{29872EB0-9784-4657-B937-E15C4FE457B7}"
EndProject
Project("{FAE04EC0-301F-11D3-BF4B-00C04F79EFBC}") = "RfpProxyLib", "RfpProxyLib\RfpProxyLib.csproj", "{6BEC020A-C4CD-454D-8945-37E9711149EC}"
EndProject
Global
	GlobalSection(SolutionConfigurationPlatforms) = preSolution
		Debug|Any CPU = Debug|Any CPU
		Release|Any CPU = Release|Any CPU
	EndGlobalSection
	GlobalSection(ProjectConfigurationPlatforms) = postSolution
		{F2CD5A70-C2A2-4267-8DB3-3DC614187745}.Debug|Any CPU.ActiveCfg = Debug|Any CPU
		{F2CD5A70-C2A2-4267-8DB3-3DC614187745}.Debug|Any CPU.Build.0 = Debug|Any CPU
		{F2CD5A70-C2A2-4267-8DB3-3DC614187745}.Release|Any CPU.ActiveCfg = Release|Any CPU
		{F2CD5A70-C2A2-4267-8DB3-3DC614187745}.Release|Any CPU.Build.0 = Release|Any CPU
		{29872EB0-9784-4657-B937-E15C4FE457B7}.Debug|Any CPU.ActiveCfg = Debug|Any CPU
		{29872EB0-9784-4657-B937-E15C4FE457B7}.Debug|Any CPU.Build.0 = Debug|Any CPU
		{29872EB0-9784-4657-B937-E15C4FE457B7}.Release|Any CPU.ActiveCfg = Release|Any CPU
		{29872EB0-9784-4657-B937-E15C4FE457B7}.Release|Any CPU.Build.0 = Release|Any CPU
		{6BEC020A-C4CD-454D-8945-37E9711149EC}.Debug|Any CPU.ActiveCfg = Debug|Any CPU
		{6BEC020A-C4CD-454D-8945-37E9711149EC}.Debug|Any CPU.Build.0 = Debug|Any CPU
		{6BEC020A-C4CD-454D-8945-37E9711149EC}.Release|Any CPU.ActiveCfg = Release|Any CPU
		{6BEC020A-C4CD-454D-8945-37E9711149EC}.Release|Any CPU.Build.0 = Release|Any CPU
	EndGlobalSection
	GlobalSection(SolutionProperties) = preSolution
		HideSolutionNode = FALSE
	EndGlobalSection
	GlobalSection(ExtensibilityGlobals) = postSolution
		SolutionGuid = {60DFE66E-2C9E-424D-AA16-F61F3CA4A73E}
	EndGlobalSection
EndGlobal
