
Microsoft Visual Studio Solution File, Format Version 12.00
# Visual Studio 15
VisualStudioVersion = 15.0.28307.271
MinimumVisualStudioVersion = 10.0.40219.1
Project("{9A19103F-16F7-4668-BE54-9A1E7A4F7556}") = "RfpProxy", "RfpProxy\RfpProxy.csproj", "{F2CD5A70-C2A2-4267-8DB3-3DC614187745}"
EndProject
Project("{9A19103F-16F7-4668-BE54-9A1E7A4F7556}") = "RfpProxy.Test", "RfpProxy.Test\RfpProxy.Test.csproj", "{29872EB0-9784-4657-B937-E15C4FE457B7}"
EndProject
Project("{9A19103F-16F7-4668-BE54-9A1E7A4F7556}") = "RfpProxyLib", "RfpProxyLib\RfpProxyLib.csproj", "{6BEC020A-C4CD-454D-8945-37E9711149EC}"
EndProject
Project("{9A19103F-16F7-4668-BE54-9A1E7A4F7556}") = "RfpProxy.Log", "RfpProxy.Log\RfpProxy.Log.csproj", "{18C9590F-F814-4681-8FE2-1E5EBE4D67B8}"
EndProject
Project("{9A19103F-16F7-4668-BE54-9A1E7A4F7556}") = "RfpProxy.ChangeLed", "RfpProxy.ChangeLed\RfpProxy.ChangeLed.csproj", "{EC11CE7A-D4D2-4731-B290-C60F0A443E15}"
EndProject
Project("{2150E333-8FDC-42A3-9474-1A3956D46DE8}") = "Solution Items", "Solution Items", "{A648EB0B-1DA2-4834-88E3-61CAA95982BF}"
	ProjectSection(SolutionItems) = preProject
		rfpled.py = rfpled.py
	EndProjectSection
EndProject
Project("{9A19103F-16F7-4668-BE54-9A1E7A4F7556}") = "RfpProxy.Pcap", "RfpProxy.Pcap\RfpProxy.Pcap.csproj", "{4E77C8C0-46EB-4F22-B8FA-20E5538550E6}"
EndProject
Project("{9A19103F-16F7-4668-BE54-9A1E7A4F7556}") = "RfpProxy.Inject", "RfpProxy.Inject\RfpProxy.Inject.csproj", "{97C6D03B-5B18-4518-B596-5E8746E5AF78}"
EndProject
Project("{FAE04EC0-301F-11D3-BF4B-00C04F79EFBC}") = "RfpProxy.ToggleLed", "RfpProxy.ToggleLed\RfpProxy.ToggleLed.csproj", "{D4FFAF39-3DF1-42CC-8592-8E1712479E53}"
EndProject
Global
	GlobalSection(SolutionConfigurationPlatforms) = preSolution
		Debug|Any CPU = Debug|Any CPU
		Release|Any CPU = Release|Any CPU
	EndGlobalSection
	GlobalSection(ProjectConfigurationPlatforms) = postSolution
		{F2CD5A70-C2A2-4267-8DB3-3DC614187745}.Debug|Any CPU.ActiveCfg = Debug|Any CPU
		{F2CD5A70-C2A2-4267-8DB3-3DC614187745}.Debug|Any CPU.Build.0 = Debug|Any CPU
		{F2CD5A70-C2A2-4267-8DB3-3DC614187745}.Release|Any CPU.ActiveCfg = Release|Any CPU
		{F2CD5A70-C2A2-4267-8DB3-3DC614187745}.Release|Any CPU.Build.0 = Release|Any CPU
		{29872EB0-9784-4657-B937-E15C4FE457B7}.Debug|Any CPU.ActiveCfg = Debug|Any CPU
		{29872EB0-9784-4657-B937-E15C4FE457B7}.Debug|Any CPU.Build.0 = Debug|Any CPU
		{29872EB0-9784-4657-B937-E15C4FE457B7}.Release|Any CPU.ActiveCfg = Release|Any CPU
		{29872EB0-9784-4657-B937-E15C4FE457B7}.Release|Any CPU.Build.0 = Release|Any CPU
		{6BEC020A-C4CD-454D-8945-37E9711149EC}.Debug|Any CPU.ActiveCfg = Debug|Any CPU
		{6BEC020A-C4CD-454D-8945-37E9711149EC}.Debug|Any CPU.Build.0 = Debug|Any CPU
		{6BEC020A-C4CD-454D-8945-37E9711149EC}.Release|Any CPU.ActiveCfg = Release|Any CPU
		{6BEC020A-C4CD-454D-8945-37E9711149EC}.Release|Any CPU.Build.0 = Release|Any CPU
		{18C9590F-F814-4681-8FE2-1E5EBE4D67B8}.Debug|Any CPU.ActiveCfg = Debug|Any CPU
		{18C9590F-F814-4681-8FE2-1E5EBE4D67B8}.Debug|Any CPU.Build.0 = Debug|Any CPU
		{18C9590F-F814-4681-8FE2-1E5EBE4D67B8}.Release|Any CPU.ActiveCfg = Release|Any CPU
		{18C9590F-F814-4681-8FE2-1E5EBE4D67B8}.Release|Any CPU.Build.0 = Release|Any CPU
		{EC11CE7A-D4D2-4731-B290-C60F0A443E15}.Debug|Any CPU.ActiveCfg = Debug|Any CPU
		{EC11CE7A-D4D2-4731-B290-C60F0A443E15}.Debug|Any CPU.Build.0 = Debug|Any CPU
		{EC11CE7A-D4D2-4731-B290-C60F0A443E15}.Release|Any CPU.ActiveCfg = Release|Any CPU
		{EC11CE7A-D4D2-4731-B290-C60F0A443E15}.Release|Any CPU.Build.0 = Release|Any CPU
		{4E77C8C0-46EB-4F22-B8FA-20E5538550E6}.Debug|Any CPU.ActiveCfg = Debug|Any CPU
		{4E77C8C0-46EB-4F22-B8FA-20E5538550E6}.Debug|Any CPU.Build.0 = Debug|Any CPU
		{4E77C8C0-46EB-4F22-B8FA-20E5538550E6}.Release|Any CPU.ActiveCfg = Release|Any CPU
		{4E77C8C0-46EB-4F22-B8FA-20E5538550E6}.Release|Any CPU.Build.0 = Release|Any CPU
		{97C6D03B-5B18-4518-B596-5E8746E5AF78}.Debug|Any CPU.ActiveCfg = Debug|Any CPU
		{97C6D03B-5B18-4518-B596-5E8746E5AF78}.Debug|Any CPU.Build.0 = Debug|Any CPU
		{97C6D03B-5B18-4518-B596-5E8746E5AF78}.Release|Any CPU.ActiveCfg = Release|Any CPU
		{97C6D03B-5B18-4518-B596-5E8746E5AF78}.Release|Any CPU.Build.0 = Release|Any CPU
		{D4FFAF39-3DF1-42CC-8592-8E1712479E53}.Debug|Any CPU.ActiveCfg = Debug|Any CPU
		{D4FFAF39-3DF1-42CC-8592-8E1712479E53}.Debug|Any CPU.Build.0 = Debug|Any CPU
		{D4FFAF39-3DF1-42CC-8592-8E1712479E53}.Release|Any CPU.ActiveCfg = Release|Any CPU
		{D4FFAF39-3DF1-42CC-8592-8E1712479E53}.Release|Any CPU.Build.0 = Release|Any CPU
	EndGlobalSection
	GlobalSection(SolutionProperties) = preSolution
		HideSolutionNode = FALSE
	EndGlobalSection
	GlobalSection(ExtensibilityGlobals) = postSolution
		SolutionGuid = {60DFE66E-2C9E-424D-AA16-F61F3CA4A73E}
	EndGlobalSection
EndGlobal
